
Microsoft Visual Studio Solution File, Format Version 12.00
# Visual Studio Version 17
VisualStudioVersion = 17.5.33530.505
MinimumVisualStudioVersion = 10.0.40219.1
Project("{FAE04EC0-301F-11D3-BF4B-00C04F79EFBC}") = "Exercise02", "Exercise02\Exercise02.csproj", "{9200B2A8-D64F-4436-89BF-B7FE792FCD31}"
EndProject
Project("{FAE04EC0-301F-11D3-BF4B-00C04F79EFBC}") = "LoopList", "LoopList\LoopList.csproj", "{E310B3B8-6CF5-442F-8033-45C0F57F8B0F}"
EndProject
Project("{FAE04EC0-301F-11D3-BF4B-00C04F79EFBC}") = "CalculatePrime", "CalculatePrime\CalculatePrime.csproj", "{C64BD743-415B-430F-8F41-4F2E60ABA3AB}"
EndProject
Project("{FAE04EC0-301F-11D3-BF4B-00C04F79EFBC}") = "RotationSum", "RotationSum\RotationSum.csproj", "{63BF4538-CC28-49A9-9F1A-4C7682B98322}"
EndProject
Project("{FAE04EC0-301F-11D3-BF4B-00C04F79EFBC}") = "LongestSequence", "LongestSequence\LongestSequence.csproj", "{6395C33C-EE11-4E58-AE92-76A14209619B}"
EndProject
Project("{FAE04EC0-301F-11D3-BF4B-00C04F79EFBC}") = "MaxFrequency", "MaxFrequency\MaxFrequency.csproj", "{BF1EA180-3BAE-42D2-B25A-648AA2D509D4}"
EndProject
Project("{FAE04EC0-301F-11D3-BF4B-00C04F79EFBC}") = "ReverseString", "ReverseString\ReverseString.csproj", "{4D81DF81-6731-487F-984C-EDE172C6B97C}"
EndProject
Global
	GlobalSection(SolutionConfigurationPlatforms) = preSolution
		Debug|Any CPU = Debug|Any CPU
		Release|Any CPU = Release|Any CPU
	EndGlobalSection
	GlobalSection(ProjectConfigurationPlatforms) = postSolution
		{9200B2A8-D64F-4436-89BF-B7FE792FCD31}.Debug|Any CPU.ActiveCfg = Debug|Any CPU
		{9200B2A8-D64F-4436-89BF-B7FE792FCD31}.Debug|Any CPU.Build.0 = Debug|Any CPU
		{9200B2A8-D64F-4436-89BF-B7FE792FCD31}.Release|Any CPU.ActiveCfg = Release|Any CPU
		{9200B2A8-D64F-4436-89BF-B7FE792FCD31}.Release|Any CPU.Build.0 = Release|Any CPU
		{E310B3B8-6CF5-442F-8033-45C0F57F8B0F}.Debug|Any CPU.ActiveCfg = Debug|Any CPU
		{E310B3B8-6CF5-442F-8033-45C0F57F8B0F}.Debug|Any CPU.Build.0 = Debug|Any CPU
		{E310B3B8-6CF5-442F-8033-45C0F57F8B0F}.Release|Any CPU.ActiveCfg = Release|Any CPU
		{E310B3B8-6CF5-442F-8033-45C0F57F8B0F}.Release|Any CPU.Build.0 = Release|Any CPU
		{C64BD743-415B-430F-8F41-4F2E60ABA3AB}.Debug|Any CPU.ActiveCfg = Debug|Any CPU
		{C64BD743-415B-430F-8F41-4F2E60ABA3AB}.Debug|Any CPU.Build.0 = Debug|Any CPU
		{C64BD743-415B-430F-8F41-4F2E60ABA3AB}.Release|Any CPU.ActiveCfg = Release|Any CPU
		{C64BD743-415B-430F-8F41-4F2E60ABA3AB}.Release|Any CPU.Build.0 = Release|Any CPU
		{63BF4538-CC28-49A9-9F1A-4C7682B98322}.Debug|Any CPU.ActiveCfg = Debug|Any CPU
		{63BF4538-CC28-49A9-9F1A-4C7682B98322}.Debug|Any CPU.Build.0 = Debug|Any CPU
		{63BF4538-CC28-49A9-9F1A-4C7682B98322}.Release|Any CPU.ActiveCfg = Release|Any CPU
		{63BF4538-CC28-49A9-9F1A-4C7682B98322}.Release|Any CPU.Build.0 = Release|Any CPU
		{6395C33C-EE11-4E58-AE92-76A14209619B}.Debug|Any CPU.ActiveCfg = Debug|Any CPU
		{6395C33C-EE11-4E58-AE92-76A14209619B}.Debug|Any CPU.Build.0 = Debug|Any CPU
		{6395C33C-EE11-4E58-AE92-76A14209619B}.Release|Any CPU.ActiveCfg = Release|Any CPU
		{6395C33C-EE11-4E58-AE92-76A14209619B}.Release|Any CPU.Build.0 = Release|Any CPU
		{BF1EA180-3BAE-42D2-B25A-648AA2D509D4}.Debug|Any CPU.ActiveCfg = Debug|Any CPU
		{BF1EA180-3BAE-42D2-B25A-648AA2D509D4}.Debug|Any CPU.Build.0 = Debug|Any CPU
		{BF1EA180-3BAE-42D2-B25A-648AA2D509D4}.Release|Any CPU.ActiveCfg = Release|Any CPU
		{BF1EA180-3BAE-42D2-B25A-648AA2D509D4}.Release|Any CPU.Build.0 = Release|Any CPU
		{4D81DF81-6731-487F-984C-EDE172C6B97C}.Debug|Any CPU.ActiveCfg = Debug|Any CPU
		{4D81DF81-6731-487F-984C-EDE172C6B97C}.Debug|Any CPU.Build.0 = Debug|Any CPU
		{4D81DF81-6731-487F-984C-EDE172C6B97C}.Release|Any CPU.ActiveCfg = Release|Any CPU
		{4D81DF81-6731-487F-984C-EDE172C6B97C}.Release|Any CPU.Build.0 = Release|Any CPU
	EndGlobalSection
	GlobalSection(SolutionProperties) = preSolution
		HideSolutionNode = FALSE
	EndGlobalSection
	GlobalSection(ExtensibilityGlobals) = postSolution
		SolutionGuid = {AE2C56DF-5822-4C8B-AF16-CE9416363BC4}
	EndGlobalSection
EndGlobal
